// !$*UTF8*$!
{
	archiveVersion = 1;
	classes = {
	};
	objectVersion = 46;
	objects = {

/* Begin PBXBuildFile section */
		E2F076651F23D5E5005DDB2C /* AppDelegate.swift in Sources */ = {isa = PBXBuildFile; fileRef = E2F076641F23D5E5005DDB2C /* AppDelegate.swift */; };
		E2F076671F23D5E5005DDB2C /* ViewController.swift in Sources */ = {isa = PBXBuildFile; fileRef = E2F076661F23D5E5005DDB2C /* ViewController.swift */; };
		E2F0766A1F23D5E5005DDB2C /* Main.storyboard in Resources */ = {isa = PBXBuildFile; fileRef = E2F076681F23D5E5005DDB2C /* Main.storyboard */; };
		E2F0766C1F23D5E5005DDB2C /* Assets.xcassets in Resources */ = {isa = PBXBuildFile; fileRef = E2F0766B1F23D5E5005DDB2C /* Assets.xcassets */; };
		E2F0766F1F23D5E5005DDB2C /* LaunchScreen.storyboard in Resources */ = {isa = PBXBuildFile; fileRef = E2F0766D1F23D5E5005DDB2C /* LaunchScreen.storyboard */; };
		E2F0767A1F23D5E5005DDB2C /* UTAASTUTests.swift in Sources */ = {isa = PBXBuildFile; fileRef = E2F076791F23D5E5005DDB2C /* UTAASTUTests.swift */; };
		E2F076851F23D5E5005DDB2C /* UTAASTUUITests.swift in Sources */ = {isa = PBXBuildFile; fileRef = E2F076841F23D5E5005DDB2C /* UTAASTUUITests.swift */; };
/* End PBXBuildFile section */

/* Begin PBXContainerItemProxy section */
		E2F076761F23D5E5005DDB2C /* PBXContainerItemProxy */ = {
			isa = PBXContainerItemProxy;
			containerPortal = E2F076591F23D5E4005DDB2C /* Project object */;
			proxyType = 1;
			remoteGlobalIDString = E2F076601F23D5E5005DDB2C;
			remoteInfo = UTAASTU;
		};
		E2F076811F23D5E5005DDB2C /* PBXContainerItemProxy */ = {
			isa = PBXContainerItemProxy;
			containerPortal = E2F076591F23D5E4005DDB2C /* Project object */;
			proxyType = 1;
			remoteGlobalIDString = E2F076601F23D5E5005DDB2C;
			remoteInfo = UTAASTU;
		};
/* End PBXContainerItemProxy section */

/* Begin PBXFileReference section */
		E2F076611F23D5E5005DDB2C /* UTAASTU.app */ = {isa = PBXFileReference; explicitFileType = wrapper.application; includeInIndex = 0; path = UTAASTU.app; sourceTree = BUILT_PRODUCTS_DIR; };
		E2F076641F23D5E5005DDB2C /* AppDelegate.swift */ = {isa = PBXFileReference; lastKnownFileType = sourcecode.swift; path = AppDelegate.swift; sourceTree = "<group>"; };
		E2F076661F23D5E5005DDB2C /* ViewController.swift */ = {isa = PBXFileReference; lastKnownFileType = sourcecode.swift; path = ViewController.swift; sourceTree = "<group>"; };
		E2F076691F23D5E5005DDB2C /* Base */ = {isa = PBXFileReference; lastKnownFileType = file.storyboard; name = Base; path = Base.lproj/Main.storyboard; sourceTree = "<group>"; };
		E2F0766B1F23D5E5005DDB2C /* Assets.xcassets */ = {isa = PBXFileReference; lastKnownFileType = folder.assetcatalog; path = Assets.xcassets; sourceTree = "<group>"; };
		E2F0766E1F23D5E5005DDB2C /* Base */ = {isa = PBXFileReference; lastKnownFileType = file.storyboard; name = Base; path = Base.lproj/LaunchScreen.storyboard; sourceTree = "<group>"; };
		E2F076701F23D5E5005DDB2C /* Info.plist */ = {isa = PBXFileReference; lastKnownFileType = text.plist.xml; path = Info.plist; sourceTree = "<group>"; };
		E2F076751F23D5E5005DDB2C /* UTAASTUTests.xctest */ = {isa = PBXFileReference; explicitFileType = wrapper.cfbundle; includeInIndex = 0; path = UTAASTUTests.xctest; sourceTree = BUILT_PRODUCTS_DIR; };
		E2F076791F23D5E5005DDB2C /* UTAASTUTests.swift */ = {isa = PBXFileReference; lastKnownFileType = sourcecode.swift; path = UTAASTUTests.swift; sourceTree = "<group>"; };
		E2F0767B1F23D5E5005DDB2C /* Info.plist */ = {isa = PBXFileReference; lastKnownFileType = text.plist.xml; path = Info.plist; sourceTree = "<group>"; };
		E2F076801F23D5E5005DDB2C /* UTAASTUUITests.xctest */ = {isa = PBXFileReference; explicitFileType = wrapper.cfbundle; includeInIndex = 0; path = UTAASTUUITests.xctest; sourceTree = BUILT_PRODUCTS_DIR; };
		E2F076841F23D5E5005DDB2C /* UTAASTUUITests.swift */ = {isa = PBXFileReference; lastKnownFileType = sourcecode.swift; path = UTAASTUUITests.swift; sourceTree = "<group>"; };
		E2F076861F23D5E5005DDB2C /* Info.plist */ = {isa = PBXFileReference; lastKnownFileType = text.plist.xml; path = Info.plist; sourceTree = "<group>"; };
/* End PBXFileReference section */

/* Begin PBXFrameworksBuildPhase section */
		E2F0765E1F23D5E5005DDB2C /* Frameworks */ = {
			isa = PBXFrameworksBuildPhase;
			buildActionMask = 2147483647;
			files = (
			);
			runOnlyForDeploymentPostprocessing = 0;
		};
		E2F076721F23D5E5005DDB2C /* Frameworks */ = {
			isa = PBXFrameworksBuildPhase;
			buildActionMask = 2147483647;
			files = (
			);
			runOnlyForDeploymentPostprocessing = 0;
		};
		E2F0767D1F23D5E5005DDB2C /* Frameworks */ = {
			isa = PBXFrameworksBuildPhase;
			buildActionMask = 2147483647;
			files = (
			);
			runOnlyForDeploymentPostprocessing = 0;
		};
/* End PBXFrameworksBuildPhase section */

/* Begin PBXGroup section */
		E2F076581F23D5E4005DDB2C = {
			isa = PBXGroup;
			children = (
				E2F076631F23D5E5005DDB2C /* UTAASTU */,
				E2F076781F23D5E5005DDB2C /* UTAASTUTests */,
				E2F076831F23D5E5005DDB2C /* UTAASTUUITests */,
				E2F076621F23D5E5005DDB2C /* Products */,
			);
			sourceTree = "<group>";
		};
		E2F076621F23D5E5005DDB2C /* Products */ = {
			isa = PBXGroup;
			children = (
				E2F076611F23D5E5005DDB2C /* UTAASTU.app */,
				E2F076751F23D5E5005DDB2C /* UTAASTUTests.xctest */,
				E2F076801F23D5E5005DDB2C /* UTAASTUUITests.xctest */,
			);
			name = Products;
			sourceTree = "<group>";
		};
		E2F076631F23D5E5005DDB2C /* UTAASTU */ = {
			isa = PBXGroup;
			children = (
				E2F076641F23D5E5005DDB2C /* AppDelegate.swift */,
				E2F076661F23D5E5005DDB2C /* ViewController.swift */,
				E2F076681F23D5E5005DDB2C /* Main.storyboard */,
				E2F0766B1F23D5E5005DDB2C /* Assets.xcassets */,
				E2F0766D1F23D5E5005DDB2C /* LaunchScreen.storyboard */,
				E2F076701F23D5E5005DDB2C /* Info.plist */,
			);
			path = UTAASTU;
			sourceTree = "<group>";
		};
		E2F076781F23D5E5005DDB2C /* UTAASTUTests */ = {
			isa = PBXGroup;
			children = (
				E2F076791F23D5E5005DDB2C /* UTAASTUTests.swift */,
				E2F0767B1F23D5E5005DDB2C /* Info.plist */,
			);
			path = UTAASTUTests;
			sourceTree = "<group>";
		};
		E2F076831F23D5E5005DDB2C /* UTAASTUUITests */ = {
			isa = PBXGroup;
			children = (
				E2F076841F23D5E5005DDB2C /* UTAASTUUITests.swift */,
				E2F076861F23D5E5005DDB2C /* Info.plist */,
			);
			path = UTAASTUUITests;
			sourceTree = "<group>";
		};
/* End PBXGroup section */

/* Begin PBXNativeTarget section */
		E2F076601F23D5E5005DDB2C /* UTAASTU */ = {
			isa = PBXNativeTarget;
			buildConfigurationList = E2F076891F23D5E6005DDB2C /* Build configuration list for PBXNativeTarget "UTAASTU" */;
			buildPhases = (
				E2F0765D1F23D5E5005DDB2C /* Sources */,
				E2F0765E1F23D5E5005DDB2C /* Frameworks */,
				E2F0765F1F23D5E5005DDB2C /* Resources */,
			);
			buildRules = (
			);
			dependencies = (
			);
			name = UTAASTU;
			productName = UTAASTU;
			productReference = E2F076611F23D5E5005DDB2C /* UTAASTU.app */;
			productType = "com.apple.product-type.application";
		};
		E2F076741F23D5E5005DDB2C /* UTAASTUTests */ = {
			isa = PBXNativeTarget;
			buildConfigurationList = E2F0768C1F23D5E6005DDB2C /* Build configuration list for PBXNativeTarget "UTAASTUTests" */;
			buildPhases = (
				E2F076711F23D5E5005DDB2C /* Sources */,
				E2F076721F23D5E5005DDB2C /* Frameworks */,
				E2F076731F23D5E5005DDB2C /* Resources */,
			);
			buildRules = (
			);
			dependencies = (
				E2F076771F23D5E5005DDB2C /* PBXTargetDependency */,
			);
			name = UTAASTUTests;
			productName = UTAASTUTests;
			productReference = E2F076751F23D5E5005DDB2C /* UTAASTUTests.xctest */;
			productType = "com.apple.product-type.bundle.unit-test";
		};
		E2F0767F1F23D5E5005DDB2C /* UTAASTUUITests */ = {
			isa = PBXNativeTarget;
			buildConfigurationList = E2F0768F1F23D5E6005DDB2C /* Build configuration list for PBXNativeTarget "UTAASTUUITests" */;
			buildPhases = (
				E2F0767C1F23D5E5005DDB2C /* Sources */,
				E2F0767D1F23D5E5005DDB2C /* Frameworks */,
				E2F0767E1F23D5E5005DDB2C /* Resources */,
			);
			buildRules = (
			);
			dependencies = (
				E2F076821F23D5E5005DDB2C /* PBXTargetDependency */,
			);
			name = UTAASTUUITests;
			productName = UTAASTUUITests;
			productReference = E2F076801F23D5E5005DDB2C /* UTAASTUUITests.xctest */;
			productType = "com.apple.product-type.bundle.ui-testing";
		};
/* End PBXNativeTarget section */

/* Begin PBXProject section */
		E2F076591F23D5E4005DDB2C /* Project object */ = {
			isa = PBXProject;
			attributes = {
				LastSwiftUpdateCheck = 0830;
				LastUpgradeCheck = 0830;
				ORGANIZATIONNAME = "MSL Dev";
				TargetAttributes = {
					E2F076601F23D5E5005DDB2C = {
						CreatedOnToolsVersion = 8.3.2;
						ProvisioningStyle = Automatic;
					};
					E2F076741F23D5E5005DDB2C = {
						CreatedOnToolsVersion = 8.3.2;
						ProvisioningStyle = Automatic;
						TestTargetID = E2F076601F23D5E5005DDB2C;
					};
					E2F0767F1F23D5E5005DDB2C = {
						CreatedOnToolsVersion = 8.3.2;
						ProvisioningStyle = Automatic;
						TestTargetID = E2F076601F23D5E5005DDB2C;
					};
				};
			};
			buildConfigurationList = E2F0765C1F23D5E5005DDB2C /* Build configuration list for PBXProject "UTAASTU" */;
			compatibilityVersion = "Xcode 3.2";
			developmentRegion = English;
			hasScannedForEncodings = 0;
			knownRegions = (
				en,
				Base,
			);
			mainGroup = E2F076581F23D5E4005DDB2C;
			productRefGroup = E2F076621F23D5E5005DDB2C /* Products */;
			projectDirPath = "";
			projectRoot = "";
			targets = (
				E2F076601F23D5E5005DDB2C /* UTAASTU */,
				E2F076741F23D5E5005DDB2C /* UTAASTUTests */,
				E2F0767F1F23D5E5005DDB2C /* UTAASTUUITests */,
			);
		};
/* End PBXProject section */

/* Begin PBXResourcesBuildPhase section */
		E2F0765F1F23D5E5005DDB2C /* Resources */ = {
			isa = PBXResourcesBuildPhase;
			buildActionMask = 2147483647;
			files = (
				E2F0766F1F23D5E5005DDB2C /* LaunchScreen.storyboard in Resources */,
				E2F0766C1F23D5E5005DDB2C /* Assets.xcassets in Resources */,
				E2F0766A1F23D5E5005DDB2C /* Main.storyboard in Resources */,
			);
			runOnlyForDeploymentPostprocessing = 0;
		};
		E2F076731F23D5E5005DDB2C /* Resources */ = {
			isa = PBXResourcesBuildPhase;
			buildActionMask = 2147483647;
			files = (
			);
			runOnlyForDeploymentPostprocessing = 0;
		};
		E2F0767E1F23D5E5005DDB2C /* Resources */ = {
			isa = PBXResourcesBuildPhase;
			buildActionMask = 2147483647;
			files = (
			);
			runOnlyForDeploymentPostprocessing = 0;
		};
/* End PBXResourcesBuildPhase section */

/* Begin PBXSourcesBuildPhase section */
		E2F0765D1F23D5E5005DDB2C /* Sources */ = {
			isa = PBXSourcesBuildPhase;
			buildActionMask = 2147483647;
			files = (
				E2F076671F23D5E5005DDB2C /* ViewController.swift in Sources */,
				E2F076651F23D5E5005DDB2C /* AppDelegate.swift in Sources */,
			);
			runOnlyForDeploymentPostprocessing = 0;
		};
		E2F076711F23D5E5005DDB2C /* Sources */ = {
			isa = PBXSourcesBuildPhase;
			buildActionMask = 2147483647;
			files = (
				E2F0767A1F23D5E5005DDB2C /* UTAASTUTests.swift in Sources */,
			);
			runOnlyForDeploymentPostprocessing = 0;
		};
		E2F0767C1F23D5E5005DDB2C /* Sources */ = {
			isa = PBXSourcesBuildPhase;
			buildActionMask = 2147483647;
			files = (
				E2F076851F23D5E5005DDB2C /* UTAASTUUITests.swift in Sources */,
			);
			runOnlyForDeploymentPostprocessing = 0;
		};
/* End PBXSourcesBuildPhase section */

/* Begin PBXTargetDependency section */
		E2F076771F23D5E5005DDB2C /* PBXTargetDependency */ = {
			isa = PBXTargetDependency;
			target = E2F076601F23D5E5005DDB2C /* UTAASTU */;
			targetProxy = E2F076761F23D5E5005DDB2C /* PBXContainerItemProxy */;
		};
		E2F076821F23D5E5005DDB2C /* PBXTargetDependency */ = {
			isa = PBXTargetDependency;
			target = E2F076601F23D5E5005DDB2C /* UTAASTU */;
			targetProxy = E2F076811F23D5E5005DDB2C /* PBXContainerItemProxy */;
		};
/* End PBXTargetDependency section */

/* Begin PBXVariantGroup section */
		E2F076681F23D5E5005DDB2C /* Main.storyboard */ = {
			isa = PBXVariantGroup;
			children = (
				E2F076691F23D5E5005DDB2C /* Base */,
			);
			name = Main.storyboard;
			sourceTree = "<group>";
		};
		E2F0766D1F23D5E5005DDB2C /* LaunchScreen.storyboard */ = {
			isa = PBXVariantGroup;
			children = (
				E2F0766E1F23D5E5005DDB2C /* Base */,
			);
			name = LaunchScreen.storyboard;
			sourceTree = "<group>";
		};
/* End PBXVariantGroup section */

/* Begin XCBuildConfiguration section */
		E2F076871F23D5E6005DDB2C /* Debug */ = {
			isa = XCBuildConfiguration;
			buildSettings = {
				ALWAYS_SEARCH_USER_PATHS = NO;
				CLANG_ANALYZER_NONNULL = YES;
				CLANG_ANALYZER_NUMBER_OBJECT_CONVERSION = YES_AGGRESSIVE;
				CLANG_CXX_LANGUAGE_STANDARD = "gnu++0x";
				CLANG_CXX_LIBRARY = "libc++";
				CLANG_ENABLE_MODULES = YES;
				CLANG_ENABLE_OBJC_ARC = YES;
				CLANG_WARN_BOOL_CONVERSION = YES;
				CLANG_WARN_CONSTANT_CONVERSION = YES;
				CLANG_WARN_DIRECT_OBJC_ISA_USAGE = YES_ERROR;
				CLANG_WARN_DOCUMENTATION_COMMENTS = YES;
				CLANG_WARN_EMPTY_BODY = YES;
				CLANG_WARN_ENUM_CONVERSION = YES;
				CLANG_WARN_INFINITE_RECURSION = YES;
				CLANG_WARN_INT_CONVERSION = YES;
				CLANG_WARN_OBJC_ROOT_CLASS = YES_ERROR;
				CLANG_WARN_SUSPICIOUS_MOVE = YES;
				CLANG_WARN_UNREACHABLE_CODE = YES;
				CLANG_WARN__DUPLICATE_METHOD_MATCH = YES;
				"CODE_SIGN_IDENTITY[sdk=iphoneos*]" = "iPhone Developer";
				COPY_PHASE_STRIP = NO;
				DEBUG_INFORMATION_FORMAT = dwarf;
				ENABLE_STRICT_OBJC_MSGSEND = YES;
				ENABLE_TESTABILITY = YES;
				GCC_C_LANGUAGE_STANDARD = gnu99;
				GCC_DYNAMIC_NO_PIC = NO;
				GCC_NO_COMMON_BLOCKS = YES;
				GCC_OPTIMIZATION_LEVEL = 0;
				GCC_PREPROCESSOR_DEFINITIONS = (
					"DEBUG=1",
					"$(inherited)",
				);
				GCC_WARN_64_TO_32_BIT_CONVERSION = YES;
				GCC_WARN_ABOUT_RETURN_TYPE = YES_ERROR;
				GCC_WARN_UNDECLARED_SELECTOR = YES;
				GCC_WARN_UNINITIALIZED_AUTOS = YES_AGGRESSIVE;
				GCC_WARN_UNUSED_FUNCTION = YES;
				GCC_WARN_UNUSED_VARIABLE = YES;
				IPHONEOS_DEPLOYMENT_TARGET = 10.3;
				MTL_ENABLE_DEBUG_INFO = YES;
				ONLY_ACTIVE_ARCH = YES;
				SDKROOT = iphoneos;
				SWIFT_ACTIVE_COMPILATION_CONDITIONS = DEBUG;
				SWIFT_OPTIMIZATION_LEVEL = "-Onone";
			};
			name = Debug;
		};
		E2F076881F23D5E6005DDB2C /* Release */ = {
			isa = XCBuildConfiguration;
			buildSettings = {
				ALWAYS_SEARCH_USER_PATHS = NO;
				CLANG_ANALYZER_NONNULL = YES;
				CLANG_ANALYZER_NUMBER_OBJECT_CONVERSION = YES_AGGRESSIVE;
				CLANG_CXX_LANGUAGE_STANDARD = "gnu++0x";
				CLANG_CXX_LIBRARY = "libc++";
				CLANG_ENABLE_MODULES = YES;
				CLANG_ENABLE_OBJC_ARC = YES;
				CLANG_WARN_BOOL_CONVERSION = YES;
				CLANG_WARN_CONSTANT_CONVERSION = YES;
				CLANG_WARN_DIRECT_OBJC_ISA_USAGE = YES_ERROR;
				CLANG_WARN_DOCUMENTATION_COMMENTS = YES;
				CLANG_WARN_EMPTY_BODY = YES;
				CLANG_WARN_ENUM_CONVERSION = YES;
				CLANG_WARN_INFINITE_RECURSION = YES;
				CLANG_WARN_INT_CONVERSION = YES;
				CLANG_WARN_OBJC_ROOT_CLASS = YES_ERROR;
				CLANG_WARN_SUSPICIOUS_MOVE = YES;
				CLANG_WARN_UNREACHABLE_CODE = YES;
				CLANG_WARN__DUPLICATE_METHOD_MATCH = YES;
				"CODE_SIGN_IDENTITY[sdk=iphoneos*]" = "iPhone Developer";
				COPY_PHASE_STRIP = NO;
				DEBUG_INFORMATION_FORMAT = "dwarf-with-dsym";
				ENABLE_NS_ASSERTIONS = NO;
				ENABLE_STRICT_OBJC_MSGSEND = YES;
				GCC_C_LANGUAGE_STANDARD = gnu99;
				GCC_NO_COMMON_BLOCKS = YES;
				GCC_WARN_64_TO_32_BIT_CONVERSION = YES;
				GCC_WARN_ABOUT_RETURN_TYPE = YES_ERROR;
				GCC_WARN_UNDECLARED_SELECTOR = YES;
				GCC_WARN_UNINITIALIZED_AUTOS = YES_AGGRESSIVE;
				GCC_WARN_UNUSED_FUNCTION = YES;
				GCC_WARN_UNUSED_VARIABLE = YES;
				IPHONEOS_DEPLOYMENT_TARGET = 10.3;
				MTL_ENABLE_DEBUG_INFO = NO;
				SDKROOT = iphoneos;
				SWIFT_OPTIMIZATION_LEVEL = "-Owholemodule";
				VALIDATE_PRODUCT = YES;
			};
			name = Release;
		};
		E2F0768A1F23D5E6005DDB2C /* Debug */ = {
			isa = XCBuildConfiguration;
			buildSettings = {
				ASSETCATALOG_COMPILER_APPICON_NAME = AppIcon;
				INFOPLIST_FILE = UTAASTU/Info.plist;
				LD_RUNPATH_SEARCH_PATHS = "$(inherited) @executable_path/Frameworks";
				PRODUCT_BUNDLE_IDENTIFIER = com.msl.UTAASTU;
				PRODUCT_NAME = "$(TARGET_NAME)";
				SWIFT_VERSION = 3.0;
			};
			name = Debug;
		};
		E2F0768B1F23D5E6005DDB2C /* Release */ = {
			isa = XCBuildConfiguration;
			buildSettings = {
				ASSETCATALOG_COMPILER_APPICON_NAME = AppIcon;
				INFOPLIST_FILE = UTAASTU/Info.plist;
				LD_RUNPATH_SEARCH_PATHS = "$(inherited) @executable_path/Frameworks";
				PRODUCT_BUNDLE_IDENTIFIER = com.msl.UTAASTU;
				PRODUCT_NAME = "$(TARGET_NAME)";
				SWIFT_VERSION = 3.0;
			};
			name = Release;
		};
		E2F0768D1F23D5E6005DDB2C /* Debug */ = {
			isa = XCBuildConfiguration;
			buildSettings = {
				ALWAYS_EMBED_SWIFT_STANDARD_LIBRARIES = YES;
				BUNDLE_LOADER = "$(TEST_HOST)";
				INFOPLIST_FILE = UTAASTUTests/Info.plist;
				LD_RUNPATH_SEARCH_PATHS = "$(inherited) @executable_path/Frameworks @loader_path/Frameworks";
				PRODUCT_BUNDLE_IDENTIFIER = com.msl.UTAASTUTests;
				PRODUCT_NAME = "$(TARGET_NAME)";
				SWIFT_VERSION = 3.0;
				TEST_HOST = "$(BUILT_PRODUCTS_DIR)/UTAASTU.app/UTAASTU";
			};
			name = Debug;
		};
		E2F0768E1F23D5E6005DDB2C /* Release */ = {
			isa = XCBuildConfiguration;
			buildSettings = {
				ALWAYS_EMBED_SWIFT_STANDARD_LIBRARIES = YES;
				BUNDLE_LOADER = "$(TEST_HOST)";
				INFOPLIST_FILE = UTAASTUTests/Info.plist;
				LD_RUNPATH_SEARCH_PATHS = "$(inherited) @executable_path/Frameworks @loader_path/Frameworks";
				PRODUCT_BUNDLE_IDENTIFIER = com.msl.UTAASTUTests;
				PRODUCT_NAME = "$(TARGET_NAME)";
				SWIFT_VERSION = 3.0;
				TEST_HOST = "$(BUILT_PRODUCTS_DIR)/UTAASTU.app/UTAASTU";
			};
			name = Release;
		};
		E2F076901F23D5E6005DDB2C /* Debug */ = {
			isa = XCBuildConfiguration;
			buildSettings = {
				ALWAYS_EMBED_SWIFT_STANDARD_LIBRARIES = YES;
				INFOPLIST_FILE = UTAASTUUITests/Info.plist;
				LD_RUNPATH_SEARCH_PATHS = "$(inherited) @executable_path/Frameworks @loader_path/Frameworks";
				PRODUCT_BUNDLE_IDENTIFIER = com.msl.UTAASTUUITests;
				PRODUCT_NAME = "$(TARGET_NAME)";
				SWIFT_VERSION = 3.0;
				TEST_TARGET_NAME = UTAASTU;
			};
			name = Debug;
		};
		E2F076911F23D5E6005DDB2C /* Release */ = {
			isa = XCBuildConfiguration;
			buildSettings = {
				ALWAYS_EMBED_SWIFT_STANDARD_LIBRARIES = YES;
				INFOPLIST_FILE = UTAASTUUITests/Info.plist;
				LD_RUNPATH_SEARCH_PATHS = "$(inherited) @executable_path/Frameworks @loader_path/Frameworks";
				PRODUCT_BUNDLE_IDENTIFIER = com.msl.UTAASTUUITests;
				PRODUCT_NAME = "$(TARGET_NAME)";
				SWIFT_VERSION = 3.0;
				TEST_TARGET_NAME = UTAASTU;
			};
			name = Release;
		};
/* End XCBuildConfiguration section */

/* Begin XCConfigurationList section */
		E2F0765C1F23D5E5005DDB2C /* Build configuration list for PBXProject "UTAASTU" */ = {
			isa = XCConfigurationList;
			buildConfigurations = (
				E2F076871F23D5E6005DDB2C /* Debug */,
				E2F076881F23D5E6005DDB2C /* Release */,
			);
			defaultConfigurationIsVisible = 0;
			defaultConfigurationName = Release;
		};
		E2F076891F23D5E6005DDB2C /* Build configuration list for PBXNativeTarget "UTAASTU" */ = {
			isa = XCConfigurationList;
			buildConfigurations = (
				E2F0768A1F23D5E6005DDB2C /* Debug */,
				E2F0768B1F23D5E6005DDB2C /* Release */,
			);
			defaultConfigurationIsVisible = 0;
		};
		E2F0768C1F23D5E6005DDB2C /* Build configuration list for PBXNativeTarget "UTAASTUTests" */ = {
			isa = XCConfigurationList;
			buildConfigurations = (
				E2F0768D1F23D5E6005DDB2C /* Debug */,
				E2F0768E1F23D5E6005DDB2C /* Release */,
			);
			defaultConfigurationIsVisible = 0;
		};
		E2F0768F1F23D5E6005DDB2C /* Build configuration list for PBXNativeTarget "UTAASTUUITests" */ = {
			isa = XCConfigurationList;
			buildConfigurations = (
				E2F076901F23D5E6005DDB2C /* Debug */,
				E2F076911F23D5E6005DDB2C /* Release */,
			);
			defaultConfigurationIsVisible = 0;
		};
/* End XCConfigurationList section */
	};
	rootObject = E2F076591F23D5E4005DDB2C /* Project object */;
}
