// !$*UTF8*$!
{
	archiveVersion = 1;
	classes = {
	};
	objectVersion = 46;
	objects = {

/* Begin PBXBuildFile section */
		0ADCA13A9E9F670D3EEC73BE /* Pods_UTAASTUUITests.framework in Frameworks */ = {isa = PBXBuildFile; fileRef = 77F16050792FBECE67BE94A6 /* Pods_UTAASTUUITests.framework */; };
		46413A01B86187CB639A4F09 /* Pods_UTAASTUTests.framework in Frameworks */ = {isa = PBXBuildFile; fileRef = BAC95372C9C04E564CF3CB80 /* Pods_UTAASTUTests.framework */; };
		E27458001F26798400CD7BD6 /* FirebaseHelper.swift in Sources */ = {isa = PBXBuildFile; fileRef = E27457FF1F26798400CD7BD6 /* FirebaseHelper.swift */; };
		E2767AFF1F30AE9E008CD120 /* ProfileViewController.swift in Sources */ = {isa = PBXBuildFile; fileRef = E2767AFE1F30AE9E008CD120 /* ProfileViewController.swift */; };
		E2767B011F30E1BC008CD120 /* CameraUtils.swift in Sources */ = {isa = PBXBuildFile; fileRef = E2767B001F30E1BC008CD120 /* CameraUtils.swift */; };
		E28D44401F2CD564006AC251 /* DrawerTableViewCell.swift in Sources */ = {isa = PBXBuildFile; fileRef = E28D443F1F2CD564006AC251 /* DrawerTableViewCell.swift */; };
		E28D44421F2CDF6B006AC251 /* DrawerSource.swift in Sources */ = {isa = PBXBuildFile; fileRef = E28D44411F2CDF6B006AC251 /* DrawerSource.swift */; };
		E28F59EC1F2A7E8700C547B3 /* Utilities.swift in Sources */ = {isa = PBXBuildFile; fileRef = E28F59EB1F2A7E8700C547B3 /* Utilities.swift */; };
		E29841D31F2914DB00509437 /* Assets.xcassets in Resources */ = {isa = PBXBuildFile; fileRef = E29841D21F2914DB00509437 /* Assets.xcassets */; };
		E29841D51F2917B400509437 /* BusViewController.swift in Sources */ = {isa = PBXBuildFile; fileRef = E29841D41F2917B400509437 /* BusViewController.swift */; };
		E29841D71F2917CB00509437 /* ScheduleViewController.swift in Sources */ = {isa = PBXBuildFile; fileRef = E29841D61F2917CB00509437 /* ScheduleViewController.swift */; };
		E29841D91F2917DC00509437 /* FoodViewController.swift in Sources */ = {isa = PBXBuildFile; fileRef = E29841D81F2917DC00509437 /* FoodViewController.swift */; };
		E29841DB1F2917EE00509437 /* GPAViewController.swift in Sources */ = {isa = PBXBuildFile; fileRef = E29841DA1F2917EE00509437 /* GPAViewController.swift */; };
		E2AC51011F2DEF3D00DC6FDE /* FirebaseConstants.swift in Sources */ = {isa = PBXBuildFile; fileRef = E2AC51001F2DEF3D00DC6FDE /* FirebaseConstants.swift */; };
		E2AC51041F2DFFE500DC6FDE /* ProfileData.swift in Sources */ = {isa = PBXBuildFile; fileRef = E2AC51031F2DFFE500DC6FDE /* ProfileData.swift */; };
		E2B6B9481F276F2D00CFC585 /* UIColor+MaterialColors.swift in Sources */ = {isa = PBXBuildFile; fileRef = E2B6B9471F276F2C00CFC585 /* UIColor+MaterialColors.swift */; };
		E2B6B94A1F277F1400CFC585 /* ProgressHUD.swift in Sources */ = {isa = PBXBuildFile; fileRef = E2B6B9491F277F1400CFC585 /* ProgressHUD.swift */; };
		E2B6B94C1F27A24F00CFC585 /* CustomizeView.swift in Sources */ = {isa = PBXBuildFile; fileRef = E2B6B94B1F27A24E00CFC585 /* CustomizeView.swift */; };
		E2B6B94E1F27A8C700CFC585 /* AnimatedTabBarController.swift in Sources */ = {isa = PBXBuildFile; fileRef = E2B6B94D1F27A8C700CFC585 /* AnimatedTabBarController.swift */; };
		E2EFA2111F24FFFC0092D743 /* RootViewController.swift in Sources */ = {isa = PBXBuildFile; fileRef = E2EFA2101F24FFFB0092D743 /* RootViewController.swift */; };
		E2EFA2131F2501E10092D743 /* LeftMenuViewController.swift in Sources */ = {isa = PBXBuildFile; fileRef = E2EFA2121F2501E10092D743 /* LeftMenuViewController.swift */; };
		E2EFA2171F2502DE0092D743 /* LoginViewController.swift in Sources */ = {isa = PBXBuildFile; fileRef = E2EFA2161F2502DE0092D743 /* LoginViewController.swift */; };
		E2F076651F23D5E5005DDB2C /* AppDelegate.swift in Sources */ = {isa = PBXBuildFile; fileRef = E2F076641F23D5E5005DDB2C /* AppDelegate.swift */; };
		E2F0766A1F23D5E5005DDB2C /* Main.storyboard in Resources */ = {isa = PBXBuildFile; fileRef = E2F076681F23D5E5005DDB2C /* Main.storyboard */; };
		E2F0767A1F23D5E5005DDB2C /* UTAASTUTests.swift in Sources */ = {isa = PBXBuildFile; fileRef = E2F076791F23D5E5005DDB2C /* UTAASTUTests.swift */; };
		E2F076851F23D5E5005DDB2C /* UTAASTUUITests.swift in Sources */ = {isa = PBXBuildFile; fileRef = E2F076841F23D5E5005DDB2C /* UTAASTUUITests.swift */; };
		E2F076931F23D88B005DDB2C /* GoogleService-Info.plist in Resources */ = {isa = PBXBuildFile; fileRef = E2F076921F23D88B005DDB2C /* GoogleService-Info.plist */; };
		ED661F160C2BFB0F46742DEC /* Pods_UTAASTU.framework in Frameworks */ = {isa = PBXBuildFile; fileRef = 2EA62D81841F415B9B069C82 /* Pods_UTAASTU.framework */; };
/* End PBXBuildFile section */

/* Begin PBXContainerItemProxy section */
		E2F076761F23D5E5005DDB2C /* PBXContainerItemProxy */ = {
			isa = PBXContainerItemProxy;
			containerPortal = E2F076591F23D5E4005DDB2C /* Project object */;
			proxyType = 1;
			remoteGlobalIDString = E2F076601F23D5E5005DDB2C;
			remoteInfo = UTAASTU;
		};
		E2F076811F23D5E5005DDB2C /* PBXContainerItemProxy */ = {
			isa = PBXContainerItemProxy;
			containerPortal = E2F076591F23D5E4005DDB2C /* Project object */;
			proxyType = 1;
			remoteGlobalIDString = E2F076601F23D5E5005DDB2C;
			remoteInfo = UTAASTU;
		};
/* End PBXContainerItemProxy section */

/* Begin PBXFileReference section */
		2A380CF4FDB349490C092A57 /* Pods-UTAASTUUITests.release.xcconfig */ = {isa = PBXFileReference; includeInIndex = 1; lastKnownFileType = text.xcconfig; name = "Pods-UTAASTUUITests.release.xcconfig"; path = "Pods/Target Support Files/Pods-UTAASTUUITests/Pods-UTAASTUUITests.release.xcconfig"; sourceTree = "<group>"; };
		2EA62D81841F415B9B069C82 /* Pods_UTAASTU.framework */ = {isa = PBXFileReference; explicitFileType = wrapper.framework; includeInIndex = 0; path = Pods_UTAASTU.framework; sourceTree = BUILT_PRODUCTS_DIR; };
		4B0505869D3D88E7C8C77A97 /* Pods-UTAASTUUITests.debug.xcconfig */ = {isa = PBXFileReference; includeInIndex = 1; lastKnownFileType = text.xcconfig; name = "Pods-UTAASTUUITests.debug.xcconfig"; path = "Pods/Target Support Files/Pods-UTAASTUUITests/Pods-UTAASTUUITests.debug.xcconfig"; sourceTree = "<group>"; };
		77F16050792FBECE67BE94A6 /* Pods_UTAASTUUITests.framework */ = {isa = PBXFileReference; explicitFileType = wrapper.framework; includeInIndex = 0; path = Pods_UTAASTUUITests.framework; sourceTree = BUILT_PRODUCTS_DIR; };
		8480CF38A434FE67E9EC9B08 /* Pods-UTAASTUTests.release.xcconfig */ = {isa = PBXFileReference; includeInIndex = 1; lastKnownFileType = text.xcconfig; name = "Pods-UTAASTUTests.release.xcconfig"; path = "Pods/Target Support Files/Pods-UTAASTUTests/Pods-UTAASTUTests.release.xcconfig"; sourceTree = "<group>"; };
		A58A8F21DB1282C44BB0EB72 /* Pods-UTAASTU.debug.xcconfig */ = {isa = PBXFileReference; includeInIndex = 1; lastKnownFileType = text.xcconfig; name = "Pods-UTAASTU.debug.xcconfig"; path = "Pods/Target Support Files/Pods-UTAASTU/Pods-UTAASTU.debug.xcconfig"; sourceTree = "<group>"; };
		BAC95372C9C04E564CF3CB80 /* Pods_UTAASTUTests.framework */ = {isa = PBXFileReference; explicitFileType = wrapper.framework; includeInIndex = 0; path = Pods_UTAASTUTests.framework; sourceTree = BUILT_PRODUCTS_DIR; };
		C6957B366036199049F81A10 /* Pods-UTAASTU.release.xcconfig */ = {isa = PBXFileReference; includeInIndex = 1; lastKnownFileType = text.xcconfig; name = "Pods-UTAASTU.release.xcconfig"; path = "Pods/Target Support Files/Pods-UTAASTU/Pods-UTAASTU.release.xcconfig"; sourceTree = "<group>"; };
		E27457FF1F26798400CD7BD6 /* FirebaseHelper.swift */ = {isa = PBXFileReference; fileEncoding = 4; lastKnownFileType = sourcecode.swift; path = FirebaseHelper.swift; sourceTree = "<group>"; };
		E2767AFE1F30AE9E008CD120 /* ProfileViewController.swift */ = {isa = PBXFileReference; fileEncoding = 4; lastKnownFileType = sourcecode.swift; path = ProfileViewController.swift; sourceTree = "<group>"; };
		E2767B001F30E1BC008CD120 /* CameraUtils.swift */ = {isa = PBXFileReference; fileEncoding = 4; lastKnownFileType = sourcecode.swift; path = CameraUtils.swift; sourceTree = "<group>"; };
		E28D443F1F2CD564006AC251 /* DrawerTableViewCell.swift */ = {isa = PBXFileReference; fileEncoding = 4; lastKnownFileType = sourcecode.swift; path = DrawerTableViewCell.swift; sourceTree = "<group>"; };
		E28D44411F2CDF6B006AC251 /* DrawerSource.swift */ = {isa = PBXFileReference; fileEncoding = 4; lastKnownFileType = sourcecode.swift; path = DrawerSource.swift; sourceTree = "<group>"; };
		E28F59EB1F2A7E8700C547B3 /* Utilities.swift */ = {isa = PBXFileReference; fileEncoding = 4; lastKnownFileType = sourcecode.swift; path = Utilities.swift; sourceTree = "<group>"; };
		E29841D21F2914DB00509437 /* Assets.xcassets */ = {isa = PBXFileReference; lastKnownFileType = folder.assetcatalog; path = Assets.xcassets; sourceTree = "<group>"; };
		E29841D41F2917B400509437 /* BusViewController.swift */ = {isa = PBXFileReference; fileEncoding = 4; lastKnownFileType = sourcecode.swift; path = BusViewController.swift; sourceTree = "<group>"; };
		E29841D61F2917CB00509437 /* ScheduleViewController.swift */ = {isa = PBXFileReference; fileEncoding = 4; lastKnownFileType = sourcecode.swift; path = ScheduleViewController.swift; sourceTree = "<group>"; };
		E29841D81F2917DC00509437 /* FoodViewController.swift */ = {isa = PBXFileReference; fileEncoding = 4; lastKnownFileType = sourcecode.swift; path = FoodViewController.swift; sourceTree = "<group>"; };
		E29841DA1F2917EE00509437 /* GPAViewController.swift */ = {isa = PBXFileReference; fileEncoding = 4; lastKnownFileType = sourcecode.swift; path = GPAViewController.swift; sourceTree = "<group>"; };
		E2AC51001F2DEF3D00DC6FDE /* FirebaseConstants.swift */ = {isa = PBXFileReference; fileEncoding = 4; lastKnownFileType = sourcecode.swift; path = FirebaseConstants.swift; sourceTree = "<group>"; };
		E2AC51031F2DFFE500DC6FDE /* ProfileData.swift */ = {isa = PBXFileReference; fileEncoding = 4; lastKnownFileType = sourcecode.swift; path = ProfileData.swift; sourceTree = "<group>"; };
		E2B6B9471F276F2C00CFC585 /* UIColor+MaterialColors.swift */ = {isa = PBXFileReference; fileEncoding = 4; lastKnownFileType = sourcecode.swift; path = "UIColor+MaterialColors.swift"; sourceTree = "<group>"; };
		E2B6B9491F277F1400CFC585 /* ProgressHUD.swift */ = {isa = PBXFileReference; fileEncoding = 4; lastKnownFileType = sourcecode.swift; path = ProgressHUD.swift; sourceTree = "<group>"; };
		E2B6B94B1F27A24E00CFC585 /* CustomizeView.swift */ = {isa = PBXFileReference; fileEncoding = 4; lastKnownFileType = sourcecode.swift; path = CustomizeView.swift; sourceTree = "<group>"; };
		E2B6B94D1F27A8C700CFC585 /* AnimatedTabBarController.swift */ = {isa = PBXFileReference; fileEncoding = 4; lastKnownFileType = sourcecode.swift; path = AnimatedTabBarController.swift; sourceTree = "<group>"; };
		E2EFA2101F24FFFB0092D743 /* RootViewController.swift */ = {isa = PBXFileReference; fileEncoding = 4; lastKnownFileType = sourcecode.swift; path = RootViewController.swift; sourceTree = "<group>"; };
		E2EFA2121F2501E10092D743 /* LeftMenuViewController.swift */ = {isa = PBXFileReference; fileEncoding = 4; lastKnownFileType = sourcecode.swift; path = LeftMenuViewController.swift; sourceTree = "<group>"; };
		E2EFA2161F2502DE0092D743 /* LoginViewController.swift */ = {isa = PBXFileReference; fileEncoding = 4; lastKnownFileType = sourcecode.swift; path = LoginViewController.swift; sourceTree = "<group>"; };
		E2F076611F23D5E5005DDB2C /* UTAASTU.app */ = {isa = PBXFileReference; explicitFileType = wrapper.application; includeInIndex = 0; path = UTAASTU.app; sourceTree = BUILT_PRODUCTS_DIR; };
		E2F076641F23D5E5005DDB2C /* AppDelegate.swift */ = {isa = PBXFileReference; lastKnownFileType = sourcecode.swift; path = AppDelegate.swift; sourceTree = "<group>"; };
		E2F076691F23D5E5005DDB2C /* Base */ = {isa = PBXFileReference; lastKnownFileType = file.storyboard; name = Base; path = Base.lproj/Main.storyboard; sourceTree = "<group>"; };
		E2F076701F23D5E5005DDB2C /* Info.plist */ = {isa = PBXFileReference; lastKnownFileType = text.plist.xml; path = Info.plist; sourceTree = "<group>"; };
		E2F076751F23D5E5005DDB2C /* UTAASTUTests.xctest */ = {isa = PBXFileReference; explicitFileType = wrapper.cfbundle; includeInIndex = 0; path = UTAASTUTests.xctest; sourceTree = BUILT_PRODUCTS_DIR; };
		E2F076791F23D5E5005DDB2C /* UTAASTUTests.swift */ = {isa = PBXFileReference; lastKnownFileType = sourcecode.swift; path = UTAASTUTests.swift; sourceTree = "<group>"; };
		E2F0767B1F23D5E5005DDB2C /* Info.plist */ = {isa = PBXFileReference; lastKnownFileType = text.plist.xml; path = Info.plist; sourceTree = "<group>"; };
		E2F076801F23D5E5005DDB2C /* UTAASTUUITests.xctest */ = {isa = PBXFileReference; explicitFileType = wrapper.cfbundle; includeInIndex = 0; path = UTAASTUUITests.xctest; sourceTree = BUILT_PRODUCTS_DIR; };
		E2F076841F23D5E5005DDB2C /* UTAASTUUITests.swift */ = {isa = PBXFileReference; lastKnownFileType = sourcecode.swift; path = UTAASTUUITests.swift; sourceTree = "<group>"; };
		E2F076861F23D5E5005DDB2C /* Info.plist */ = {isa = PBXFileReference; lastKnownFileType = text.plist.xml; path = Info.plist; sourceTree = "<group>"; };
		E2F076921F23D88B005DDB2C /* GoogleService-Info.plist */ = {isa = PBXFileReference; fileEncoding = 4; lastKnownFileType = text.plist.xml; path = "GoogleService-Info.plist"; sourceTree = "<group>"; };
		FE5AC9A0199C113C38F3DC3B /* Pods-UTAASTUTests.debug.xcconfig */ = {isa = PBXFileReference; includeInIndex = 1; lastKnownFileType = text.xcconfig; name = "Pods-UTAASTUTests.debug.xcconfig"; path = "Pods/Target Support Files/Pods-UTAASTUTests/Pods-UTAASTUTests.debug.xcconfig"; sourceTree = "<group>"; };
/* End PBXFileReference section */

/* Begin PBXFrameworksBuildPhase section */
		E2F0765E1F23D5E5005DDB2C /* Frameworks */ = {
			isa = PBXFrameworksBuildPhase;
			buildActionMask = 2147483647;
			files = (
				ED661F160C2BFB0F46742DEC /* Pods_UTAASTU.framework in Frameworks */,
			);
			runOnlyForDeploymentPostprocessing = 0;
		};
		E2F076721F23D5E5005DDB2C /* Frameworks */ = {
			isa = PBXFrameworksBuildPhase;
			buildActionMask = 2147483647;
			files = (
				46413A01B86187CB639A4F09 /* Pods_UTAASTUTests.framework in Frameworks */,
			);
			runOnlyForDeploymentPostprocessing = 0;
		};
		E2F0767D1F23D5E5005DDB2C /* Frameworks */ = {
			isa = PBXFrameworksBuildPhase;
			buildActionMask = 2147483647;
			files = (
				0ADCA13A9E9F670D3EEC73BE /* Pods_UTAASTUUITests.framework in Frameworks */,
			);
			runOnlyForDeploymentPostprocessing = 0;
		};
/* End PBXFrameworksBuildPhase section */

/* Begin PBXGroup section */
		9F025A8D627958ECD284455D /* Pods */ = {
			isa = PBXGroup;
			children = (
				A58A8F21DB1282C44BB0EB72 /* Pods-UTAASTU.debug.xcconfig */,
				C6957B366036199049F81A10 /* Pods-UTAASTU.release.xcconfig */,
				FE5AC9A0199C113C38F3DC3B /* Pods-UTAASTUTests.debug.xcconfig */,
				8480CF38A434FE67E9EC9B08 /* Pods-UTAASTUTests.release.xcconfig */,
				4B0505869D3D88E7C8C77A97 /* Pods-UTAASTUUITests.debug.xcconfig */,
				2A380CF4FDB349490C092A57 /* Pods-UTAASTUUITests.release.xcconfig */,
			);
			name = Pods;
			sourceTree = "<group>";
		};
		E27458011F2679CB00CD7BD6 /* Utils */ = {
			isa = PBXGroup;
			children = (
				E2B6B9471F276F2C00CFC585 /* UIColor+MaterialColors.swift */,
				E2B6B9491F277F1400CFC585 /* ProgressHUD.swift */,
				E2B6B94B1F27A24E00CFC585 /* CustomizeView.swift */,
				E28F59EB1F2A7E8700C547B3 /* Utilities.swift */,
				E2767B001F30E1BC008CD120 /* CameraUtils.swift */,
			);
			name = Utils;
			sourceTree = "<group>";
		};
		E28F59E71F2A7BA200C547B3 /* ServiceTimes */ = {
			isa = PBXGroup;
			children = (
				E29841D41F2917B400509437 /* BusViewController.swift */,
			);
			name = ServiceTimes;
			sourceTree = "<group>";
		};
		E28F59E81F2A7BB400C547B3 /* CourseTable */ = {
			isa = PBXGroup;
			children = (
				E29841D61F2917CB00509437 /* ScheduleViewController.swift */,
			);
			name = CourseTable;
			sourceTree = "<group>";
		};
		E28F59E91F2A7BC200C547B3 /* FoodTable */ = {
			isa = PBXGroup;
			children = (
				E29841D81F2917DC00509437 /* FoodViewController.swift */,
			);
			name = FoodTable;
			sourceTree = "<group>";
		};
		E28F59EA1F2A7BCB00C547B3 /* GPACalculator */ = {
			isa = PBXGroup;
			children = (
				E29841DA1F2917EE00509437 /* GPAViewController.swift */,
			);
			name = GPACalculator;
			sourceTree = "<group>";
		};
		E2AC50FF1F2DE97B00DC6FDE /* Profile */ = {
			isa = PBXGroup;
			children = (
				E2AC51031F2DFFE500DC6FDE /* ProfileData.swift */,
				E2767AFE1F30AE9E008CD120 /* ProfileViewController.swift */,
			);
			name = Profile;
			sourceTree = "<group>";
		};
		E2AC51021F2DFF0C00DC6FDE /* FirebaseHelpers */ = {
			isa = PBXGroup;
			children = (
				E27457FF1F26798400CD7BD6 /* FirebaseHelper.swift */,
				E2AC51001F2DEF3D00DC6FDE /* FirebaseConstants.swift */,
			);
			name = FirebaseHelpers;
			sourceTree = "<group>";
		};
		E2EFA2191F250BA40092D743 /* Login */ = {
			isa = PBXGroup;
			children = (
				E2EFA2161F2502DE0092D743 /* LoginViewController.swift */,
			);
			name = Login;
			sourceTree = "<group>";
		};
		E2EFA21A1F251D250092D743 /* Drawer */ = {
			isa = PBXGroup;
			children = (
				E2EFA2121F2501E10092D743 /* LeftMenuViewController.swift */,
				E28D443F1F2CD564006AC251 /* DrawerTableViewCell.swift */,
				E28D44411F2CDF6B006AC251 /* DrawerSource.swift */,
			);
			name = Drawer;
			sourceTree = "<group>";
		};
		E2EFA21B1F251D300092D743 /* Tabs */ = {
			isa = PBXGroup;
			children = (
				E2B6B94D1F27A8C700CFC585 /* AnimatedTabBarController.swift */,
				E28F59E71F2A7BA200C547B3 /* ServiceTimes */,
				E28F59E81F2A7BB400C547B3 /* CourseTable */,
				E28F59E91F2A7BC200C547B3 /* FoodTable */,
				E28F59EA1F2A7BCB00C547B3 /* GPACalculator */,
			);
			name = Tabs;
			sourceTree = "<group>";
		};
		E2EFA21C1F251D4F0092D743 /* root */ = {
			isa = PBXGroup;
			children = (
				E2F076641F23D5E5005DDB2C /* AppDelegate.swift */,
				E2EFA2101F24FFFB0092D743 /* RootViewController.swift */,
			);
			name = root;
			sourceTree = "<group>";
		};
		E2F076581F23D5E4005DDB2C = {
			isa = PBXGroup;
			children = (
				F4EA20E4176EEDA488612926 /* Frameworks */,
				9F025A8D627958ECD284455D /* Pods */,
				E2F076621F23D5E5005DDB2C /* Products */,
				E2F076631F23D5E5005DDB2C /* UTAASTU */,
				E2F076781F23D5E5005DDB2C /* UTAASTUTests */,
				E2F076831F23D5E5005DDB2C /* UTAASTUUITests */,
			);
			sourceTree = "<group>";
		};
		E2F076621F23D5E5005DDB2C /* Products */ = {
			isa = PBXGroup;
			children = (
				E2F076611F23D5E5005DDB2C /* UTAASTU.app */,
				E2F076751F23D5E5005DDB2C /* UTAASTUTests.xctest */,
				E2F076801F23D5E5005DDB2C /* UTAASTUUITests.xctest */,
			);
			name = Products;
			sourceTree = "<group>";
		};
		E2F076631F23D5E5005DDB2C /* UTAASTU */ = {
			isa = PBXGroup;
			children = (
				E2F076921F23D88B005DDB2C /* GoogleService-Info.plist */,
				E2F076701F23D5E5005DDB2C /* Info.plist */,
				E29841D21F2914DB00509437 /* Assets.xcassets */,
				E2EFA21A1F251D250092D743 /* Drawer */,
				E2AC51021F2DFF0C00DC6FDE /* FirebaseHelpers */,
				E2EFA2191F250BA40092D743 /* Login */,
				E2F076681F23D5E5005DDB2C /* Main.storyboard */,
				E2AC50FF1F2DE97B00DC6FDE /* Profile */,
				E2EFA21C1F251D4F0092D743 /* root */,
				E2EFA21B1F251D300092D743 /* Tabs */,
				E27458011F2679CB00CD7BD6 /* Utils */,
			);
			path = UTAASTU;
			sourceTree = "<group>";
		};
		E2F076781F23D5E5005DDB2C /* UTAASTUTests */ = {
			isa = PBXGroup;
			children = (
				E2F076791F23D5E5005DDB2C /* UTAASTUTests.swift */,
				E2F0767B1F23D5E5005DDB2C /* Info.plist */,
			);
			path = UTAASTUTests;
			sourceTree = "<group>";
		};
		E2F076831F23D5E5005DDB2C /* UTAASTUUITests */ = {
			isa = PBXGroup;
			children = (
				E2F076841F23D5E5005DDB2C /* UTAASTUUITests.swift */,
				E2F076861F23D5E5005DDB2C /* Info.plist */,
			);
			path = UTAASTUUITests;
			sourceTree = "<group>";
		};
		F4EA20E4176EEDA488612926 /* Frameworks */ = {
			isa = PBXGroup;
			children = (
				2EA62D81841F415B9B069C82 /* Pods_UTAASTU.framework */,
				BAC95372C9C04E564CF3CB80 /* Pods_UTAASTUTests.framework */,
				77F16050792FBECE67BE94A6 /* Pods_UTAASTUUITests.framework */,
			);
			name = Frameworks;
			sourceTree = "<group>";
		};
/* End PBXGroup section */

/* Begin PBXNativeTarget section */
		E2F076601F23D5E5005DDB2C /* UTAASTU */ = {
			isa = PBXNativeTarget;
			buildConfigurationList = E2F076891F23D5E6005DDB2C /* Build configuration list for PBXNativeTarget "UTAASTU" */;
			buildPhases = (
				C4DDFA7423916421F27467D8 /* [CP] Check Pods Manifest.lock */,
				E2F0765D1F23D5E5005DDB2C /* Sources */,
				E2F0765E1F23D5E5005DDB2C /* Frameworks */,
				E2F0765F1F23D5E5005DDB2C /* Resources */,
				3BEAB4D8065E538B23048824 /* [CP] Embed Pods Frameworks */,
				814A3D40570209BDC3A49F6D /* [CP] Copy Pods Resources */,
			);
			buildRules = (
			);
			dependencies = (
			);
			name = UTAASTU;
			productName = UTAASTU;
			productReference = E2F076611F23D5E5005DDB2C /* UTAASTU.app */;
			productType = "com.apple.product-type.application";
		};
		E2F076741F23D5E5005DDB2C /* UTAASTUTests */ = {
			isa = PBXNativeTarget;
			buildConfigurationList = E2F0768C1F23D5E6005DDB2C /* Build configuration list for PBXNativeTarget "UTAASTUTests" */;
			buildPhases = (
				43A91A0266A4F295416FB594 /* [CP] Check Pods Manifest.lock */,
				E2F076711F23D5E5005DDB2C /* Sources */,
				E2F076721F23D5E5005DDB2C /* Frameworks */,
				E2F076731F23D5E5005DDB2C /* Resources */,
				086EB422B003C8759F6FEBF0 /* [CP] Embed Pods Frameworks */,
				5301BB8BFDC1F39266CFDE89 /* [CP] Copy Pods Resources */,
			);
			buildRules = (
			);
			dependencies = (
				E2F076771F23D5E5005DDB2C /* PBXTargetDependency */,
			);
			name = UTAASTUTests;
			productName = UTAASTUTests;
			productReference = E2F076751F23D5E5005DDB2C /* UTAASTUTests.xctest */;
			productType = "com.apple.product-type.bundle.unit-test";
		};
		E2F0767F1F23D5E5005DDB2C /* UTAASTUUITests */ = {
			isa = PBXNativeTarget;
			buildConfigurationList = E2F0768F1F23D5E6005DDB2C /* Build configuration list for PBXNativeTarget "UTAASTUUITests" */;
			buildPhases = (
				241D1EAB87C2F2C299CE4EA1 /* [CP] Check Pods Manifest.lock */,
				E2F0767C1F23D5E5005DDB2C /* Sources */,
				E2F0767D1F23D5E5005DDB2C /* Frameworks */,
				E2F0767E1F23D5E5005DDB2C /* Resources */,
				E163B20653598A72624AB75F /* [CP] Embed Pods Frameworks */,
				F6609FFBD4212EF012906C13 /* [CP] Copy Pods Resources */,
			);
			buildRules = (
			);
			dependencies = (
				E2F076821F23D5E5005DDB2C /* PBXTargetDependency */,
			);
			name = UTAASTUUITests;
			productName = UTAASTUUITests;
			productReference = E2F076801F23D5E5005DDB2C /* UTAASTUUITests.xctest */;
			productType = "com.apple.product-type.bundle.ui-testing";
		};
/* End PBXNativeTarget section */

/* Begin PBXProject section */
		E2F076591F23D5E4005DDB2C /* Project object */ = {
			isa = PBXProject;
			attributes = {
				LastSwiftUpdateCheck = 0830;
				LastUpgradeCheck = 0830;
				ORGANIZATIONNAME = "MSL Dev";
				TargetAttributes = {
					E2F076601F23D5E5005DDB2C = {
						CreatedOnToolsVersion = 8.3.2;
						ProvisioningStyle = Automatic;
					};
					E2F076741F23D5E5005DDB2C = {
						CreatedOnToolsVersion = 8.3.2;
						ProvisioningStyle = Automatic;
						TestTargetID = E2F076601F23D5E5005DDB2C;
					};
					E2F0767F1F23D5E5005DDB2C = {
						CreatedOnToolsVersion = 8.3.2;
						ProvisioningStyle = Automatic;
						TestTargetID = E2F076601F23D5E5005DDB2C;
					};
				};
			};
			buildConfigurationList = E2F0765C1F23D5E5005DDB2C /* Build configuration list for PBXProject "UTAASTU" */;
			compatibilityVersion = "Xcode 3.2";
			developmentRegion = English;
			hasScannedForEncodings = 0;
			knownRegions = (
				en,
				Base,
			);
			mainGroup = E2F076581F23D5E4005DDB2C;
			productRefGroup = E2F076621F23D5E5005DDB2C /* Products */;
			projectDirPath = "";
			projectRoot = "";
			targets = (
				E2F076601F23D5E5005DDB2C /* UTAASTU */,
				E2F076741F23D5E5005DDB2C /* UTAASTUTests */,
				E2F0767F1F23D5E5005DDB2C /* UTAASTUUITests */,
			);
		};
/* End PBXProject section */

/* Begin PBXResourcesBuildPhase section */
		E2F0765F1F23D5E5005DDB2C /* Resources */ = {
			isa = PBXResourcesBuildPhase;
			buildActionMask = 2147483647;
			files = (
				E2F076931F23D88B005DDB2C /* GoogleService-Info.plist in Resources */,
				E29841D31F2914DB00509437 /* Assets.xcassets in Resources */,
				E2F0766A1F23D5E5005DDB2C /* Main.storyboard in Resources */,
			);
			runOnlyForDeploymentPostprocessing = 0;
		};
		E2F076731F23D5E5005DDB2C /* Resources */ = {
			isa = PBXResourcesBuildPhase;
			buildActionMask = 2147483647;
			files = (
			);
			runOnlyForDeploymentPostprocessing = 0;
		};
		E2F0767E1F23D5E5005DDB2C /* Resources */ = {
			isa = PBXResourcesBuildPhase;
			buildActionMask = 2147483647;
			files = (
			);
			runOnlyForDeploymentPostprocessing = 0;
		};
/* End PBXResourcesBuildPhase section */

/* Begin PBXShellScriptBuildPhase section */
		086EB422B003C8759F6FEBF0 /* [CP] Embed Pods Frameworks */ = {
			isa = PBXShellScriptBuildPhase;
			buildActionMask = 2147483647;
			files = (
			);
			inputPaths = (
			);
			name = "[CP] Embed Pods Frameworks";
			outputPaths = (
			);
			runOnlyForDeploymentPostprocessing = 0;
			shellPath = /bin/sh;
			shellScript = "\"${SRCROOT}/Pods/Target Support Files/Pods-UTAASTUTests/Pods-UTAASTUTests-frameworks.sh\"\n";
			showEnvVarsInLog = 0;
		};
		241D1EAB87C2F2C299CE4EA1 /* [CP] Check Pods Manifest.lock */ = {
			isa = PBXShellScriptBuildPhase;
			buildActionMask = 2147483647;
			files = (
			);
			inputPaths = (
			);
			name = "[CP] Check Pods Manifest.lock";
			outputPaths = (
			);
			runOnlyForDeploymentPostprocessing = 0;
			shellPath = /bin/sh;
			shellScript = "diff \"${PODS_PODFILE_DIR_PATH}/Podfile.lock\" \"${PODS_ROOT}/Manifest.lock\" > /dev/null\nif [ $? != 0 ] ; then\n    # print error to STDERR\n    echo \"error: The sandbox is not in sync with the Podfile.lock. Run 'pod install' or update your CocoaPods installation.\" >&2\n    exit 1\nfi\n";
			showEnvVarsInLog = 0;
		};
		3BEAB4D8065E538B23048824 /* [CP] Embed Pods Frameworks */ = {
			isa = PBXShellScriptBuildPhase;
			buildActionMask = 2147483647;
			files = (
			);
			inputPaths = (
			);
			name = "[CP] Embed Pods Frameworks";
			outputPaths = (
			);
			runOnlyForDeploymentPostprocessing = 0;
			shellPath = /bin/sh;
			shellScript = "\"${SRCROOT}/Pods/Target Support Files/Pods-UTAASTU/Pods-UTAASTU-frameworks.sh\"\n";
			showEnvVarsInLog = 0;
		};
		43A91A0266A4F295416FB594 /* [CP] Check Pods Manifest.lock */ = {
			isa = PBXShellScriptBuildPhase;
			buildActionMask = 2147483647;
			files = (
			);
			inputPaths = (
			);
			name = "[CP] Check Pods Manifest.lock";
			outputPaths = (
			);
			runOnlyForDeploymentPostprocessing = 0;
			shellPath = /bin/sh;
			shellScript = "diff \"${PODS_PODFILE_DIR_PATH}/Podfile.lock\" \"${PODS_ROOT}/Manifest.lock\" > /dev/null\nif [ $? != 0 ] ; then\n    # print error to STDERR\n    echo \"error: The sandbox is not in sync with the Podfile.lock. Run 'pod install' or update your CocoaPods installation.\" >&2\n    exit 1\nfi\n";
			showEnvVarsInLog = 0;
		};
		5301BB8BFDC1F39266CFDE89 /* [CP] Copy Pods Resources */ = {
			isa = PBXShellScriptBuildPhase;
			buildActionMask = 2147483647;
			files = (
			);
			inputPaths = (
			);
			name = "[CP] Copy Pods Resources";
			outputPaths = (
			);
			runOnlyForDeploymentPostprocessing = 0;
			shellPath = /bin/sh;
			shellScript = "\"${SRCROOT}/Pods/Target Support Files/Pods-UTAASTUTests/Pods-UTAASTUTests-resources.sh\"\n";
			showEnvVarsInLog = 0;
		};
		814A3D40570209BDC3A49F6D /* [CP] Copy Pods Resources */ = {
			isa = PBXShellScriptBuildPhase;
			buildActionMask = 2147483647;
			files = (
			);
			inputPaths = (
			);
			name = "[CP] Copy Pods Resources";
			outputPaths = (
			);
			runOnlyForDeploymentPostprocessing = 0;
			shellPath = /bin/sh;
			shellScript = "\"${SRCROOT}/Pods/Target Support Files/Pods-UTAASTU/Pods-UTAASTU-resources.sh\"\n";
			showEnvVarsInLog = 0;
		};
		C4DDFA7423916421F27467D8 /* [CP] Check Pods Manifest.lock */ = {
			isa = PBXShellScriptBuildPhase;
			buildActionMask = 2147483647;
			files = (
			);
			inputPaths = (
			);
			name = "[CP] Check Pods Manifest.lock";
			outputPaths = (
			);
			runOnlyForDeploymentPostprocessing = 0;
			shellPath = /bin/sh;
			shellScript = "diff \"${PODS_PODFILE_DIR_PATH}/Podfile.lock\" \"${PODS_ROOT}/Manifest.lock\" > /dev/null\nif [ $? != 0 ] ; then\n    # print error to STDERR\n    echo \"error: The sandbox is not in sync with the Podfile.lock. Run 'pod install' or update your CocoaPods installation.\" >&2\n    exit 1\nfi\n";
			showEnvVarsInLog = 0;
		};
		E163B20653598A72624AB75F /* [CP] Embed Pods Frameworks */ = {
			isa = PBXShellScriptBuildPhase;
			buildActionMask = 2147483647;
			files = (
			);
			inputPaths = (
			);
			name = "[CP] Embed Pods Frameworks";
			outputPaths = (
			);
			runOnlyForDeploymentPostprocessing = 0;
			shellPath = /bin/sh;
			shellScript = "\"${SRCROOT}/Pods/Target Support Files/Pods-UTAASTUUITests/Pods-UTAASTUUITests-frameworks.sh\"\n";
			showEnvVarsInLog = 0;
		};
		F6609FFBD4212EF012906C13 /* [CP] Copy Pods Resources */ = {
			isa = PBXShellScriptBuildPhase;
			buildActionMask = 2147483647;
			files = (
			);
			inputPaths = (
			);
			name = "[CP] Copy Pods Resources";
			outputPaths = (
			);
			runOnlyForDeploymentPostprocessing = 0;
			shellPath = /bin/sh;
			shellScript = "\"${SRCROOT}/Pods/Target Support Files/Pods-UTAASTUUITests/Pods-UTAASTUUITests-resources.sh\"\n";
			showEnvVarsInLog = 0;
		};
/* End PBXShellScriptBuildPhase section */

/* Begin PBXSourcesBuildPhase section */
		E2F0765D1F23D5E5005DDB2C /* Sources */ = {
			isa = PBXSourcesBuildPhase;
			buildActionMask = 2147483647;
			files = (
				E2EFA2111F24FFFC0092D743 /* RootViewController.swift in Sources */,
				E2F076651F23D5E5005DDB2C /* AppDelegate.swift in Sources */,
				E2767B011F30E1BC008CD120 /* CameraUtils.swift in Sources */,
				E28F59EC1F2A7E8700C547B3 /* Utilities.swift in Sources */,
				E28D44421F2CDF6B006AC251 /* DrawerSource.swift in Sources */,
				E2B6B94A1F277F1400CFC585 /* ProgressHUD.swift in Sources */,
				E29841D71F2917CB00509437 /* ScheduleViewController.swift in Sources */,
				E28D44401F2CD564006AC251 /* DrawerTableViewCell.swift in Sources */,
				E2EFA2131F2501E10092D743 /* LeftMenuViewController.swift in Sources */,
				E2AC51041F2DFFE500DC6FDE /* ProfileData.swift in Sources */,
				E2767AFF1F30AE9E008CD120 /* ProfileViewController.swift in Sources */,
				E2B6B94E1F27A8C700CFC585 /* AnimatedTabBarController.swift in Sources */,
				E2B6B94C1F27A24F00CFC585 /* CustomizeView.swift in Sources */,
				E29841DB1F2917EE00509437 /* GPAViewController.swift in Sources */,
				E2B6B9481F276F2D00CFC585 /* UIColor+MaterialColors.swift in Sources */,
				E29841D51F2917B400509437 /* BusViewController.swift in Sources */,
				E2AC51011F2DEF3D00DC6FDE /* FirebaseConstants.swift in Sources */,
				E29841D91F2917DC00509437 /* FoodViewController.swift in Sources */,
				E2EFA2171F2502DE0092D743 /* LoginViewController.swift in Sources */,
				E27458001F26798400CD7BD6 /* FirebaseHelper.swift in Sources */,
			);
			runOnlyForDeploymentPostprocessing = 0;
		};
		E2F076711F23D5E5005DDB2C /* Sources */ = {
			isa = PBXSourcesBuildPhase;
			buildActionMask = 2147483647;
			files = (
				E2F0767A1F23D5E5005DDB2C /* UTAASTUTests.swift in Sources */,
			);
			runOnlyForDeploymentPostprocessing = 0;
		};
		E2F0767C1F23D5E5005DDB2C /* Sources */ = {
			isa = PBXSourcesBuildPhase;
			buildActionMask = 2147483647;
			files = (
				E2F076851F23D5E5005DDB2C /* UTAASTUUITests.swift in Sources */,
			);
			runOnlyForDeploymentPostprocessing = 0;
		};
/* End PBXSourcesBuildPhase section */

/* Begin PBXTargetDependency section */
		E2F076771F23D5E5005DDB2C /* PBXTargetDependency */ = {
			isa = PBXTargetDependency;
			target = E2F076601F23D5E5005DDB2C /* UTAASTU */;
			targetProxy = E2F076761F23D5E5005DDB2C /* PBXContainerItemProxy */;
		};
		E2F076821F23D5E5005DDB2C /* PBXTargetDependency */ = {
			isa = PBXTargetDependency;
			target = E2F076601F23D5E5005DDB2C /* UTAASTU */;
			targetProxy = E2F076811F23D5E5005DDB2C /* PBXContainerItemProxy */;
		};
/* End PBXTargetDependency section */

/* Begin PBXVariantGroup section */
		E2F076681F23D5E5005DDB2C /* Main.storyboard */ = {
			isa = PBXVariantGroup;
			children = (
				E2F076691F23D5E5005DDB2C /* Base */,
			);
			name = Main.storyboard;
			sourceTree = "<group>";
		};
/* End PBXVariantGroup section */

/* Begin XCBuildConfiguration section */
		E2F076871F23D5E6005DDB2C /* Debug */ = {
			isa = XCBuildConfiguration;
			buildSettings = {
				ALWAYS_SEARCH_USER_PATHS = NO;
				CLANG_ANALYZER_NONNULL = YES;
				CLANG_ANALYZER_NUMBER_OBJECT_CONVERSION = YES_AGGRESSIVE;
				CLANG_CXX_LANGUAGE_STANDARD = "gnu++0x";
				CLANG_CXX_LIBRARY = "libc++";
				CLANG_ENABLE_MODULES = YES;
				CLANG_ENABLE_OBJC_ARC = YES;
				CLANG_WARN_BOOL_CONVERSION = YES;
				CLANG_WARN_CONSTANT_CONVERSION = YES;
				CLANG_WARN_DIRECT_OBJC_ISA_USAGE = YES_ERROR;
				CLANG_WARN_DOCUMENTATION_COMMENTS = YES;
				CLANG_WARN_EMPTY_BODY = YES;
				CLANG_WARN_ENUM_CONVERSION = YES;
				CLANG_WARN_INFINITE_RECURSION = YES;
				CLANG_WARN_INT_CONVERSION = YES;
				CLANG_WARN_OBJC_ROOT_CLASS = YES_ERROR;
				CLANG_WARN_SUSPICIOUS_MOVE = YES;
				CLANG_WARN_UNREACHABLE_CODE = YES;
				CLANG_WARN__DUPLICATE_METHOD_MATCH = YES;
				"CODE_SIGN_IDENTITY[sdk=iphoneos*]" = "iPhone Developer";
				COPY_PHASE_STRIP = NO;
				DEBUG_INFORMATION_FORMAT = dwarf;
				ENABLE_STRICT_OBJC_MSGSEND = YES;
				ENABLE_TESTABILITY = YES;
				GCC_C_LANGUAGE_STANDARD = gnu99;
				GCC_DYNAMIC_NO_PIC = NO;
				GCC_NO_COMMON_BLOCKS = YES;
				GCC_OPTIMIZATION_LEVEL = 0;
				GCC_PREPROCESSOR_DEFINITIONS = (
					"DEBUG=1",
					"$(inherited)",
				);
				GCC_WARN_64_TO_32_BIT_CONVERSION = YES;
				GCC_WARN_ABOUT_RETURN_TYPE = YES_ERROR;
				GCC_WARN_UNDECLARED_SELECTOR = YES;
				GCC_WARN_UNINITIALIZED_AUTOS = YES_AGGRESSIVE;
				GCC_WARN_UNUSED_FUNCTION = YES;
				GCC_WARN_UNUSED_VARIABLE = YES;
				IPHONEOS_DEPLOYMENT_TARGET = 10.3;
				MTL_ENABLE_DEBUG_INFO = YES;
				ONLY_ACTIVE_ARCH = YES;
				SDKROOT = iphoneos;
				SWIFT_ACTIVE_COMPILATION_CONDITIONS = DEBUG;
				SWIFT_OPTIMIZATION_LEVEL = "-Onone";
			};
			name = Debug;
		};
		E2F076881F23D5E6005DDB2C /* Release */ = {
			isa = XCBuildConfiguration;
			buildSettings = {
				ALWAYS_SEARCH_USER_PATHS = NO;
				CLANG_ANALYZER_NONNULL = YES;
				CLANG_ANALYZER_NUMBER_OBJECT_CONVERSION = YES_AGGRESSIVE;
				CLANG_CXX_LANGUAGE_STANDARD = "gnu++0x";
				CLANG_CXX_LIBRARY = "libc++";
				CLANG_ENABLE_MODULES = YES;
				CLANG_ENABLE_OBJC_ARC = YES;
				CLANG_WARN_BOOL_CONVERSION = YES;
				CLANG_WARN_CONSTANT_CONVERSION = YES;
				CLANG_WARN_DIRECT_OBJC_ISA_USAGE = YES_ERROR;
				CLANG_WARN_DOCUMENTATION_COMMENTS = YES;
				CLANG_WARN_EMPTY_BODY = YES;
				CLANG_WARN_ENUM_CONVERSION = YES;
				CLANG_WARN_INFINITE_RECURSION = YES;
				CLANG_WARN_INT_CONVERSION = YES;
				CLANG_WARN_OBJC_ROOT_CLASS = YES_ERROR;
				CLANG_WARN_SUSPICIOUS_MOVE = YES;
				CLANG_WARN_UNREACHABLE_CODE = YES;
				CLANG_WARN__DUPLICATE_METHOD_MATCH = YES;
				"CODE_SIGN_IDENTITY[sdk=iphoneos*]" = "iPhone Developer";
				COPY_PHASE_STRIP = NO;
				DEBUG_INFORMATION_FORMAT = "dwarf-with-dsym";
				ENABLE_NS_ASSERTIONS = NO;
				ENABLE_STRICT_OBJC_MSGSEND = YES;
				GCC_C_LANGUAGE_STANDARD = gnu99;
				GCC_NO_COMMON_BLOCKS = YES;
				GCC_WARN_64_TO_32_BIT_CONVERSION = YES;
				GCC_WARN_ABOUT_RETURN_TYPE = YES_ERROR;
				GCC_WARN_UNDECLARED_SELECTOR = YES;
				GCC_WARN_UNINITIALIZED_AUTOS = YES_AGGRESSIVE;
				GCC_WARN_UNUSED_FUNCTION = YES;
				GCC_WARN_UNUSED_VARIABLE = YES;
				IPHONEOS_DEPLOYMENT_TARGET = 10.3;
				MTL_ENABLE_DEBUG_INFO = NO;
				SDKROOT = iphoneos;
				SWIFT_OPTIMIZATION_LEVEL = "-Owholemodule";
				VALIDATE_PRODUCT = YES;
			};
			name = Release;
		};
		E2F0768A1F23D5E6005DDB2C /* Debug */ = {
			isa = XCBuildConfiguration;
			baseConfigurationReference = A58A8F21DB1282C44BB0EB72 /* Pods-UTAASTU.debug.xcconfig */;
			buildSettings = {
				ASSETCATALOG_COMPILER_APPICON_NAME = AppIcon;
				INFOPLIST_FILE = UTAASTU/Info.plist;
				IPHONEOS_DEPLOYMENT_TARGET = 9.0;
				LD_RUNPATH_SEARCH_PATHS = "$(inherited) @executable_path/Frameworks";
				PRODUCT_BUNDLE_IDENTIFIER = com.msl.UTAASTU;
				PRODUCT_NAME = "$(TARGET_NAME)";
				SWIFT_VERSION = 3.0;
			};
			name = Debug;
		};
		E2F0768B1F23D5E6005DDB2C /* Release */ = {
			isa = XCBuildConfiguration;
			baseConfigurationReference = C6957B366036199049F81A10 /* Pods-UTAASTU.release.xcconfig */;
			buildSettings = {
				ASSETCATALOG_COMPILER_APPICON_NAME = AppIcon;
				INFOPLIST_FILE = UTAASTU/Info.plist;
				IPHONEOS_DEPLOYMENT_TARGET = 9.0;
				LD_RUNPATH_SEARCH_PATHS = "$(inherited) @executable_path/Frameworks";
				PRODUCT_BUNDLE_IDENTIFIER = com.msl.UTAASTU;
				PRODUCT_NAME = "$(TARGET_NAME)";
				SWIFT_VERSION = 3.0;
			};
			name = Release;
		};
		E2F0768D1F23D5E6005DDB2C /* Debug */ = {
			isa = XCBuildConfiguration;
			baseConfigurationReference = FE5AC9A0199C113C38F3DC3B /* Pods-UTAASTUTests.debug.xcconfig */;
			buildSettings = {
				ALWAYS_EMBED_SWIFT_STANDARD_LIBRARIES = YES;
				BUNDLE_LOADER = "$(TEST_HOST)";
				INFOPLIST_FILE = UTAASTUTests/Info.plist;
				LD_RUNPATH_SEARCH_PATHS = "$(inherited) @executable_path/Frameworks @loader_path/Frameworks";
				PRODUCT_BUNDLE_IDENTIFIER = com.msl.UTAASTUTests;
				PRODUCT_NAME = "$(TARGET_NAME)";
				SWIFT_VERSION = 3.0;
				TEST_HOST = "$(BUILT_PRODUCTS_DIR)/UTAASTU.app/UTAASTU";
			};
			name = Debug;
		};
		E2F0768E1F23D5E6005DDB2C /* Release */ = {
			isa = XCBuildConfiguration;
			baseConfigurationReference = 8480CF38A434FE67E9EC9B08 /* Pods-UTAASTUTests.release.xcconfig */;
			buildSettings = {
				ALWAYS_EMBED_SWIFT_STANDARD_LIBRARIES = YES;
				BUNDLE_LOADER = "$(TEST_HOST)";
				INFOPLIST_FILE = UTAASTUTests/Info.plist;
				LD_RUNPATH_SEARCH_PATHS = "$(inherited) @executable_path/Frameworks @loader_path/Frameworks";
				PRODUCT_BUNDLE_IDENTIFIER = com.msl.UTAASTUTests;
				PRODUCT_NAME = "$(TARGET_NAME)";
				SWIFT_VERSION = 3.0;
				TEST_HOST = "$(BUILT_PRODUCTS_DIR)/UTAASTU.app/UTAASTU";
			};
			name = Release;
		};
		E2F076901F23D5E6005DDB2C /* Debug */ = {
			isa = XCBuildConfiguration;
			baseConfigurationReference = 4B0505869D3D88E7C8C77A97 /* Pods-UTAASTUUITests.debug.xcconfig */;
			buildSettings = {
				ALWAYS_EMBED_SWIFT_STANDARD_LIBRARIES = YES;
				INFOPLIST_FILE = UTAASTUUITests/Info.plist;
				LD_RUNPATH_SEARCH_PATHS = "$(inherited) @executable_path/Frameworks @loader_path/Frameworks";
				PRODUCT_BUNDLE_IDENTIFIER = com.msl.UTAASTUUITests;
				PRODUCT_NAME = "$(TARGET_NAME)";
				SWIFT_VERSION = 3.0;
				TEST_TARGET_NAME = UTAASTU;
			};
			name = Debug;
		};
		E2F076911F23D5E6005DDB2C /* Release */ = {
			isa = XCBuildConfiguration;
			baseConfigurationReference = 2A380CF4FDB349490C092A57 /* Pods-UTAASTUUITests.release.xcconfig */;
			buildSettings = {
				ALWAYS_EMBED_SWIFT_STANDARD_LIBRARIES = YES;
				INFOPLIST_FILE = UTAASTUUITests/Info.plist;
				LD_RUNPATH_SEARCH_PATHS = "$(inherited) @executable_path/Frameworks @loader_path/Frameworks";
				PRODUCT_BUNDLE_IDENTIFIER = com.msl.UTAASTUUITests;
				PRODUCT_NAME = "$(TARGET_NAME)";
				SWIFT_VERSION = 3.0;
				TEST_TARGET_NAME = UTAASTU;
			};
			name = Release;
		};
/* End XCBuildConfiguration section */

/* Begin XCConfigurationList section */
		E2F0765C1F23D5E5005DDB2C /* Build configuration list for PBXProject "UTAASTU" */ = {
			isa = XCConfigurationList;
			buildConfigurations = (
				E2F076871F23D5E6005DDB2C /* Debug */,
				E2F076881F23D5E6005DDB2C /* Release */,
			);
			defaultConfigurationIsVisible = 0;
			defaultConfigurationName = Release;
		};
		E2F076891F23D5E6005DDB2C /* Build configuration list for PBXNativeTarget "UTAASTU" */ = {
			isa = XCConfigurationList;
			buildConfigurations = (
				E2F0768A1F23D5E6005DDB2C /* Debug */,
				E2F0768B1F23D5E6005DDB2C /* Release */,
			);
			defaultConfigurationIsVisible = 0;
			defaultConfigurationName = Release;
		};
		E2F0768C1F23D5E6005DDB2C /* Build configuration list for PBXNativeTarget "UTAASTUTests" */ = {
			isa = XCConfigurationList;
			buildConfigurations = (
				E2F0768D1F23D5E6005DDB2C /* Debug */,
				E2F0768E1F23D5E6005DDB2C /* Release */,
			);
			defaultConfigurationIsVisible = 0;
			defaultConfigurationName = Release;
		};
		E2F0768F1F23D5E6005DDB2C /* Build configuration list for PBXNativeTarget "UTAASTUUITests" */ = {
			isa = XCConfigurationList;
			buildConfigurations = (
				E2F076901F23D5E6005DDB2C /* Debug */,
				E2F076911F23D5E6005DDB2C /* Release */,
			);
			defaultConfigurationIsVisible = 0;
			defaultConfigurationName = Release;
		};
/* End XCConfigurationList section */
	};
	rootObject = E2F076591F23D5E4005DDB2C /* Project object */;
}
